Microsoft Visual Studio Solution File, Format Version 12.00
# Visual Studio Version 17
VisualStudioVersion = 17.5.2.0
MinimumVisualStudioVersion = 10.0.40219.1
Project("{2150E333-8FDC-42A3-9474-1A3956D46DE8}") = "api", "api", "{D82C56D6-B2CD-F611-9E31-04638F7EC30E}"
EndProject
Project("{2150E333-8FDC-42A3-9474-1A3956D46DE8}") = "cli", "cli", "{342A349A-D343-8551-4064-2E2800C39E13}"
EndProject
Project("{2150E333-8FDC-42A3-9474-1A3956D46DE8}") = "library", "library", "{50A17DA1-3556-4046-CEDC-33EB466D9C32}"
EndProject
Project("{2150E333-8FDC-42A3-9474-1A3956D46DE8}") = "plugin", "plugin", "{7F42074E-682A-A599-6CDB-8399CB51B8EF}"
EndProject
Project("{2150E333-8FDC-42A3-9474-1A3956D46DE8}") = "test", "test", "{0C88DD14-F956-CE84-757C-A364CCF449FC}"
EndProject
Project("{FAE04EC0-301F-11D3-BF4B-00C04F79EFBC}") = "Engine.Api", "api\Engine.Api\Engine.Api.csproj", "{7256F84C-BF41-7739-E5C3-3599B653E7ED}"
EndProject
Project("{FAE04EC0-301F-11D3-BF4B-00C04F79EFBC}") = "Engine.CssToHtml", "api\Engine.CssToHtml\Engine.CssToHtml.csproj", "{624F077A-3E73-8E5F-DEFF-FCF960D96702}"
EndProject
Project("{FAE04EC0-301F-11D3-BF4B-00C04F79EFBC}") = "Engine.Scorm", "api\Engine.Scorm\Engine.Scorm.csproj", "{18B9D931-35B5-454B-4011-B7D2558E2406}"
EndProject
Project("{FAE04EC0-301F-11D3-BF4B-00C04F79EFBC}") = "Shift.Api", "api\Shift.Api\Shift.Api.csproj", "{6452996E-AC37-A968-BFB6-4F5CA6576C51}"
EndProject
Project("{FAE04EC0-301F-11D3-BF4B-00C04F79EFBC}") = "Arc.Cli", "cli\Arc.Cli\Arc.Cli.csproj", "{84303408-B976-A12B-5A6A-C7437411F747}"
EndProject
Project("{FAE04EC0-301F-11D3-BF4B-00C04F79EFBC}") = "Engine.CodeAnalyzer", "library\Engine.CodeAnalyzer\Engine.CodeAnalyzer.csproj", "{24B04358-D0B1-2F2C-551C-EB9AE6A8D378}"
EndProject
Project("{FAE04EC0-301F-11D3-BF4B-00C04F79EFBC}") = "Shift.Common", "library\Shift.Common\Shift.Common.csproj", "{63A0A099-9348-0A35-8E21-93E1E6052C9E}"
EndProject
Project("{FAE04EC0-301F-11D3-BF4B-00C04F79EFBC}") = "Shift.Sdk", "library\Shift.Sdk\Shift.Sdk.csproj", "{E6A022DF-70A4-D964-BA1D-D6BA0F21527B}"
EndProject
Project("{FAE04EC0-301F-11D3-BF4B-00C04F79EFBC}") = "Shift.Service", "library\Shift.Service\Shift.Service.csproj", "{7830D359-54BC-F2A2-3AF0-5256F694D117}"
EndProject
Project("{FAE04EC0-301F-11D3-BF4B-00C04F79EFBC}") = "Shift.Service.Process", "library\Shift.Service.Process\Shift.Service.Process.csproj", "{633F5036-A5F1-A1B6-F347-B063B9FC0D27}"
EndProject
Project("{FAE04EC0-301F-11D3-BF4B-00C04F79EFBC}") = "Shift.Service.State", "library\Shift.Service.State\Shift.Service.State.csproj", "{1267D8C3-5685-5D1E-2F9B-ABDA42BFE69D}"
EndProject
Project("{FAE04EC0-301F-11D3-BF4B-00C04F79EFBC}") = "Shift.Toolbox", "library\Shift.Toolbox\Shift.Toolbox.csproj", "{832DF33D-2E0E-1AAF-5805-75F71E2499B8}"
EndProject
Project("{FAE04EC0-301F-11D3-BF4B-00C04F79EFBC}") = "Shift.Lab", "test\Shift.Lab\Shift.Lab.csproj", "{1A38E3C3-B59A-6E8B-55C4-E8F381939F1C}"
EndProject
Project("{FAE04EC0-301F-11D3-BF4B-00C04F79EFBC}") = "Shift.Test", "test\Shift.Test\Shift.Test.csproj", "{93087A43-765B-724C-2D89-188F017CC529}"
EndProject
Global
	GlobalSection(SolutionConfigurationPlatforms) = preSolution
		Debug|Any CPU = Debug|Any CPU
		Release|Any CPU = Release|Any CPU
	EndGlobalSection
	GlobalSection(ProjectConfigurationPlatforms) = postSolution
		{7256F84C-BF41-7739-E5C3-3599B653E7ED}.Debug|Any CPU.ActiveCfg = Debug|Any CPU
		{7256F84C-BF41-7739-E5C3-3599B653E7ED}.Debug|Any CPU.Build.0 = Debug|Any CPU
		{7256F84C-BF41-7739-E5C3-3599B653E7ED}.Release|Any CPU.ActiveCfg = Release|Any CPU
		{7256F84C-BF41-7739-E5C3-3599B653E7ED}.Release|Any CPU.Build.0 = Release|Any CPU
		{624F077A-3E73-8E5F-DEFF-FCF960D96702}.Debug|Any CPU.ActiveCfg = Debug|Any CPU
		{624F077A-3E73-8E5F-DEFF-FCF960D96702}.Debug|Any CPU.Build.0 = Debug|Any CPU
		{624F077A-3E73-8E5F-DEFF-FCF960D96702}.Release|Any CPU.ActiveCfg = Release|Any CPU
		{624F077A-3E73-8E5F-DEFF-FCF960D96702}.Release|Any CPU.Build.0 = Release|Any CPU
		{18B9D931-35B5-454B-4011-B7D2558E2406}.Debug|Any CPU.ActiveCfg = Debug|Any CPU
		{18B9D931-35B5-454B-4011-B7D2558E2406}.Debug|Any CPU.Build.0 = Debug|Any CPU
		{18B9D931-35B5-454B-4011-B7D2558E2406}.Release|Any CPU.ActiveCfg = Release|Any CPU
		{18B9D931-35B5-454B-4011-B7D2558E2406}.Release|Any CPU.Build.0 = Release|Any CPU
		{6452996E-AC37-A968-BFB6-4F5CA6576C51}.Debug|Any CPU.ActiveCfg = Debug|Any CPU
		{6452996E-AC37-A968-BFB6-4F5CA6576C51}.Debug|Any CPU.Build.0 = Debug|Any CPU
		{6452996E-AC37-A968-BFB6-4F5CA6576C51}.Release|Any CPU.ActiveCfg = Release|Any CPU
		{6452996E-AC37-A968-BFB6-4F5CA6576C51}.Release|Any CPU.Build.0 = Release|Any CPU
		{84303408-B976-A12B-5A6A-C7437411F747}.Debug|Any CPU.ActiveCfg = Debug|Any CPU
		{84303408-B976-A12B-5A6A-C7437411F747}.Debug|Any CPU.Build.0 = Debug|Any CPU
		{84303408-B976-A12B-5A6A-C7437411F747}.Release|Any CPU.ActiveCfg = Release|Any CPU
		{84303408-B976-A12B-5A6A-C7437411F747}.Release|Any CPU.Build.0 = Release|Any CPU
		{24B04358-D0B1-2F2C-551C-EB9AE6A8D378}.Debug|Any CPU.ActiveCfg = Debug|Any CPU
		{24B04358-D0B1-2F2C-551C-EB9AE6A8D378}.Debug|Any CPU.Build.0 = Debug|Any CPU
		{24B04358-D0B1-2F2C-551C-EB9AE6A8D378}.Release|Any CPU.ActiveCfg = Release|Any CPU
		{24B04358-D0B1-2F2C-551C-EB9AE6A8D378}.Release|Any CPU.Build.0 = Release|Any CPU
		{63A0A099-9348-0A35-8E21-93E1E6052C9E}.Debug|Any CPU.ActiveCfg = Debug|Any CPU
		{63A0A099-9348-0A35-8E21-93E1E6052C9E}.Debug|Any CPU.Build.0 = Debug|Any CPU
		{63A0A099-9348-0A35-8E21-93E1E6052C9E}.Release|Any CPU.ActiveCfg = Release|Any CPU
		{63A0A099-9348-0A35-8E21-93E1E6052C9E}.Release|Any CPU.Build.0 = Release|Any CPU
		{E6A022DF-70A4-D964-BA1D-D6BA0F21527B}.Debug|Any CPU.ActiveCfg = Debug|Any CPU
		{E6A022DF-70A4-D964-BA1D-D6BA0F21527B}.Debug|Any CPU.Build.0 = Debug|Any CPU
		{E6A022DF-70A4-D964-BA1D-D6BA0F21527B}.Release|Any CPU.ActiveCfg = Release|Any CPU
		{E6A022DF-70A4-D964-BA1D-D6BA0F21527B}.Release|Any CPU.Build.0 = Release|Any CPU
		{7830D359-54BC-F2A2-3AF0-5256F694D117}.Debug|Any CPU.ActiveCfg = Debug|Any CPU
		{7830D359-54BC-F2A2-3AF0-5256F694D117}.Debug|Any CPU.Build.0 = Debug|Any CPU
		{7830D359-54BC-F2A2-3AF0-5256F694D117}.Release|Any CPU.ActiveCfg = Release|Any CPU
		{7830D359-54BC-F2A2-3AF0-5256F694D117}.Release|Any CPU.Build.0 = Release|Any CPU
		{633F5036-A5F1-A1B6-F347-B063B9FC0D27}.Debug|Any CPU.ActiveCfg = Debug|Any CPU
		{633F5036-A5F1-A1B6-F347-B063B9FC0D27}.Debug|Any CPU.Build.0 = Debug|Any CPU
		{633F5036-A5F1-A1B6-F347-B063B9FC0D27}.Release|Any CPU.ActiveCfg = Release|Any CPU
		{633F5036-A5F1-A1B6-F347-B063B9FC0D27}.Release|Any CPU.Build.0 = Release|Any CPU
		{1267D8C3-5685-5D1E-2F9B-ABDA42BFE69D}.Debug|Any CPU.ActiveCfg = Debug|Any CPU
		{1267D8C3-5685-5D1E-2F9B-ABDA42BFE69D}.Debug|Any CPU.Build.0 = Debug|Any CPU
		{1267D8C3-5685-5D1E-2F9B-ABDA42BFE69D}.Release|Any CPU.ActiveCfg = Release|Any CPU
		{1267D8C3-5685-5D1E-2F9B-ABDA42BFE69D}.Release|Any CPU.Build.0 = Release|Any CPU
		{832DF33D-2E0E-1AAF-5805-75F71E2499B8}.Debug|Any CPU.ActiveCfg = Debug|Any CPU
		{832DF33D-2E0E-1AAF-5805-75F71E2499B8}.Debug|Any CPU.Build.0 = Debug|Any CPU
		{832DF33D-2E0E-1AAF-5805-75F71E2499B8}.Release|Any CPU.ActiveCfg = Release|Any CPU
		{832DF33D-2E0E-1AAF-5805-75F71E2499B8}.Release|Any CPU.Build.0 = Release|Any CPU
		{8A8C3DEB-8837-C959-B76F-6F1F78853601}.Debug|Any CPU.ActiveCfg = Debug|Any CPU
		{8A8C3DEB-8837-C959-B76F-6F1F78853601}.Debug|Any CPU.Build.0 = Debug|Any CPU
		{8A8C3DEB-8837-C959-B76F-6F1F78853601}.Release|Any CPU.ActiveCfg = Release|Any CPU
		{8A8C3DEB-8837-C959-B76F-6F1F78853601}.Release|Any CPU.Build.0 = Release|Any CPU
		{1A38E3C3-B59A-6E8B-55C4-E8F381939F1C}.Debug|Any CPU.ActiveCfg = Debug|Any CPU
		{1A38E3C3-B59A-6E8B-55C4-E8F381939F1C}.Debug|Any CPU.Build.0 = Debug|Any CPU
		{1A38E3C3-B59A-6E8B-55C4-E8F381939F1C}.Release|Any CPU.ActiveCfg = Release|Any CPU
		{1A38E3C3-B59A-6E8B-55C4-E8F381939F1C}.Release|Any CPU.Build.0 = Release|Any CPU
		{93087A43-765B-724C-2D89-188F017CC529}.Debug|Any CPU.ActiveCfg = Debug|Any CPU
		{93087A43-765B-724C-2D89-188F017CC529}.Debug|Any CPU.Build.0 = Debug|Any CPU
		{93087A43-765B-724C-2D89-188F017CC529}.Release|Any CPU.ActiveCfg = Release|Any CPU
		{93087A43-765B-724C-2D89-188F017CC529}.Release|Any CPU.Build.0 = Release|Any CPU
	EndGlobalSection
	GlobalSection(SolutionProperties) = preSolution
		HideSolutionNode = FALSE
	EndGlobalSection
	GlobalSection(NestedProjects) = preSolution
		{7256F84C-BF41-7739-E5C3-3599B653E7ED} = {D82C56D6-B2CD-F611-9E31-04638F7EC30E}
		{624F077A-3E73-8E5F-DEFF-FCF960D96702} = {D82C56D6-B2CD-F611-9E31-04638F7EC30E}
		{18B9D931-35B5-454B-4011-B7D2558E2406} = {D82C56D6-B2CD-F611-9E31-04638F7EC30E}
		{6452996E-AC37-A968-BFB6-4F5CA6576C51} = {D82C56D6-B2CD-F611-9E31-04638F7EC30E}
		{84303408-B976-A12B-5A6A-C7437411F747} = {342A349A-D343-8551-4064-2E2800C39E13}
		{24B04358-D0B1-2F2C-551C-EB9AE6A8D378} = {50A17DA1-3556-4046-CEDC-33EB466D9C32}
		{63A0A099-9348-0A35-8E21-93E1E6052C9E} = {50A17DA1-3556-4046-CEDC-33EB466D9C32}
		{E6A022DF-70A4-D964-BA1D-D6BA0F21527B} = {50A17DA1-3556-4046-CEDC-33EB466D9C32}
		{7830D359-54BC-F2A2-3AF0-5256F694D117} = {50A17DA1-3556-4046-CEDC-33EB466D9C32}
		{633F5036-A5F1-A1B6-F347-B063B9FC0D27} = {50A17DA1-3556-4046-CEDC-33EB466D9C32}
		{1267D8C3-5685-5D1E-2F9B-ABDA42BFE69D} = {50A17DA1-3556-4046-CEDC-33EB466D9C32}
		{832DF33D-2E0E-1AAF-5805-75F71E2499B8} = {50A17DA1-3556-4046-CEDC-33EB466D9C32}
		{8A8C3DEB-8837-C959-B76F-6F1F78853601} = {7F42074E-682A-A599-6CDB-8399CB51B8EF}
		{1A38E3C3-B59A-6E8B-55C4-E8F381939F1C} = {0C88DD14-F956-CE84-757C-A364CCF449FC}
		{93087A43-765B-724C-2D89-188F017CC529} = {0C88DD14-F956-CE84-757C-A364CCF449FC}
	EndGlobalSection
	GlobalSection(ExtensibilityGlobals) = postSolution
		SolutionGuid = {F77FE127-7BDF-462B-BA29-24202A5EDCBB}
	EndGlobalSection
EndGlobal
